// !$*UTF8*$!
{
	archiveVersion = 1;
	classes = {
	};
	objectVersion = 77;
	objects = {

/* Begin PBXContainerItemProxy section */
		663B9D3D2DB7DE0B00AC11DA /* PBXContainerItemProxy */ = {
			isa = PBXContainerItemProxy;
			containerPortal = 663B9D262DB7DE0A00AC11DA /* Project object */;
			proxyType = 1;
			remoteGlobalIDString = 663B9D2D2DB7DE0A00AC11DA;
			remoteInfo = Wool;
		};
		663B9D472DB7DE0B00AC11DA /* PBXContainerItemProxy */ = {
			isa = PBXContainerItemProxy;
			containerPortal = 663B9D262DB7DE0A00AC11DA /* Project object */;
			proxyType = 1;
			remoteGlobalIDString = 663B9D2D2DB7DE0A00AC11DA;
			remoteInfo = Wool;
		};
/* End PBXContainerItemProxy section */

/* Begin PBXFileReference section */
		663B9D2E2DB7DE0A00AC11DA /* Wool.app */ = {isa = PBXFileReference; explicitFileType = wrapper.application; includeInIndex = 0; path = Wool.app; sourceTree = BUILT_PRODUCTS_DIR; };
		663B9D3C2DB7DE0B00AC11DA /* WoolTests.xctest */ = {isa = PBXFileReference; explicitFileType = wrapper.cfbundle; includeInIndex = 0; path = WoolTests.xctest; sourceTree = BUILT_PRODUCTS_DIR; };
		663B9D462DB7DE0B00AC11DA /* WoolUITests.xctest */ = {isa = PBXFileReference; explicitFileType = wrapper.cfbundle; includeInIndex = 0; path = WoolUITests.xctest; sourceTree = BUILT_PRODUCTS_DIR; };
/* End PBXFileReference section */

/* Begin PBXFileSystemSynchronizedBuildFileExceptionSet section */
		663B9D632DB82D8B00AC11DA /* Exceptions for "Wool" folder in "Wool" target */ = {
			isa = PBXFileSystemSynchronizedBuildFileExceptionSet;
			membershipExceptions = (
				Info.plist,
			);
			target = 663B9D2D2DB7DE0A00AC11DA /* Wool */;
		};
/* End PBXFileSystemSynchronizedBuildFileExceptionSet section */

/* Begin PBXFileSystemSynchronizedRootGroup section */
		663B9D302DB7DE0A00AC11DA /* Wool */ = {
			isa = PBXFileSystemSynchronizedRootGroup;
			exceptions = (
				663B9D632DB82D8B00AC11DA /* Exceptions for "Wool" folder in "Wool" target */,
			);
			path = Wool;
			sourceTree = "<group>";
		};
		663B9D3F2DB7DE0B00AC11DA /* WoolTests */ = {
			isa = PBXFileSystemSynchronizedRootGroup;
			path = WoolTests;
			sourceTree = "<group>";
		};
		663B9D492DB7DE0B00AC11DA /* WoolUITests */ = {
			isa = PBXFileSystemSynchronizedRootGroup;
			path = WoolUITests;
			sourceTree = "<group>";
		};
/* End PBXFileSystemSynchronizedRootGroup section */

/* Begin PBXFrameworksBuildPhase section */
		663B9D2B2DB7DE0A00AC11DA /* Frameworks */ = {
			isa = PBXFrameworksBuildPhase;
			buildActionMask = 2147483647;
			files = (
			);
			runOnlyForDeploymentPostprocessing = 0;
		};
		663B9D392DB7DE0B00AC11DA /* Frameworks */ = {
			isa = PBXFrameworksBuildPhase;
			buildActionMask = 2147483647;
			files = (
			);
			runOnlyForDeploymentPostprocessing = 0;
		};
		663B9D432DB7DE0B00AC11DA /* Frameworks */ = {
			isa = PBXFrameworksBuildPhase;
			buildActionMask = 2147483647;
			files = (
			);
			runOnlyForDeploymentPostprocessing = 0;
		};
/* End PBXFrameworksBuildPhase section */

/* Begin PBXGroup section */
		663B9D252DB7DE0A00AC11DA = {
			isa = PBXGroup;
			children = (
				663B9D302DB7DE0A00AC11DA /* Wool */,
				663B9D3F2DB7DE0B00AC11DA /* WoolTests */,
				663B9D492DB7DE0B00AC11DA /* WoolUITests */,
				663B9D2F2DB7DE0A00AC11DA /* Products */,
			);
			sourceTree = "<group>";
		};
		663B9D2F2DB7DE0A00AC11DA /* Products */ = {
			isa = PBXGroup;
			children = (
				663B9D2E2DB7DE0A00AC11DA /* Wool.app */,
				663B9D3C2DB7DE0B00AC11DA /* WoolTests.xctest */,
				663B9D462DB7DE0B00AC11DA /* WoolUITests.xctest */,
			);
			name = Products;
			sourceTree = "<group>";
		};
/* End PBXGroup section */

/* Begin PBXNativeTarget section */
		663B9D2D2DB7DE0A00AC11DA /* Wool */ = {
			isa = PBXNativeTarget;
			buildConfigurationList = 663B9D502DB7DE0B00AC11DA /* Build configuration list for PBXNativeTarget "Wool" */;
			buildPhases = (
				663B9D2A2DB7DE0A00AC11DA /* Sources */,
				663B9D2B2DB7DE0A00AC11DA /* Frameworks */,
				663B9D2C2DB7DE0A00AC11DA /* Resources */,
			);
			buildRules = (
			);
			dependencies = (
			);
			fileSystemSynchronizedGroups = (
				663B9D302DB7DE0A00AC11DA /* Wool */,
			);
			name = Wool;
			packageProductDependencies = (
			);
			productName = Wool;
			productReference = 663B9D2E2DB7DE0A00AC11DA /* Wool.app */;
			productType = "com.apple.product-type.application";
		};
		663B9D3B2DB7DE0B00AC11DA /* WoolTests */ = {
			isa = PBXNativeTarget;
			buildConfigurationList = 663B9D532DB7DE0B00AC11DA /* Build configuration list for PBXNativeTarget "WoolTests" */;
			buildPhases = (
				663B9D382DB7DE0B00AC11DA /* Sources */,
				663B9D392DB7DE0B00AC11DA /* Frameworks */,
				663B9D3A2DB7DE0B00AC11DA /* Resources */,
			);
			buildRules = (
			);
			dependencies = (
				663B9D3E2DB7DE0B00AC11DA /* PBXTargetDependency */,
			);
			fileSystemSynchronizedGroups = (
				663B9D3F2DB7DE0B00AC11DA /* WoolTests */,
			);
			name = WoolTests;
			packageProductDependencies = (
			);
			productName = WoolTests;
			productReference = 663B9D3C2DB7DE0B00AC11DA /* WoolTests.xctest */;
			productType = "com.apple.product-type.bundle.unit-test";
		};
		663B9D452DB7DE0B00AC11DA /* WoolUITests */ = {
			isa = PBXNativeTarget;
			buildConfigurationList = 663B9D562DB7DE0B00AC11DA /* Build configuration list for PBXNativeTarget "WoolUITests" */;
			buildPhases = (
				663B9D422DB7DE0B00AC11DA /* Sources */,
				663B9D432DB7DE0B00AC11DA /* Frameworks */,
				663B9D442DB7DE0B00AC11DA /* Resources */,
			);
			buildRules = (
			);
			dependencies = (
				663B9D482DB7DE0B00AC11DA /* PBXTargetDependency */,
			);
			fileSystemSynchronizedGroups = (
				663B9D492DB7DE0B00AC11DA /* WoolUITests */,
			);
			name = WoolUITests;
			packageProductDependencies = (
			);
			productName = WoolUITests;
			productReference = 663B9D462DB7DE0B00AC11DA /* WoolUITests.xctest */;
			productType = "com.apple.product-type.bundle.ui-testing";
		};
/* End PBXNativeTarget section */

/* Begin PBXProject section */
		663B9D262DB7DE0A00AC11DA /* Project object */ = {
			isa = PBXProject;
			attributes = {
				BuildIndependentTargetsInParallel = 1;
				LastSwiftUpdateCheck = 1630;
				LastUpgradeCheck = 1630;
				TargetAttributes = {
					663B9D2D2DB7DE0A00AC11DA = {
						CreatedOnToolsVersion = 16.3;
					};
					663B9D3B2DB7DE0B00AC11DA = {
						CreatedOnToolsVersion = 16.3;
						TestTargetID = 663B9D2D2DB7DE0A00AC11DA;
					};
					663B9D452DB7DE0B00AC11DA = {
						CreatedOnToolsVersion = 16.3;
						TestTargetID = 663B9D2D2DB7DE0A00AC11DA;
					};
				};
			};
			buildConfigurationList = 663B9D292DB7DE0A00AC11DA /* Build configuration list for PBXProject "Wool" */;
			developmentRegion = en;
			hasScannedForEncodings = 0;
			knownRegions = (
				en,
				Base,
			);
			mainGroup = 663B9D252DB7DE0A00AC11DA;
			minimizedProjectReferenceProxies = 1;
			preferredProjectObjectVersion = 77;
			productRefGroup = 663B9D2F2DB7DE0A00AC11DA /* Products */;
			projectDirPath = "";
			projectRoot = "";
			targets = (
				663B9D2D2DB7DE0A00AC11DA /* Wool */,
				663B9D3B2DB7DE0B00AC11DA /* WoolTests */,
				663B9D452DB7DE0B00AC11DA /* WoolUITests */,
			);
		};
/* End PBXProject section */

/* Begin PBXResourcesBuildPhase section */
		663B9D2C2DB7DE0A00AC11DA /* Resources */ = {
			isa = PBXResourcesBuildPhase;
			buildActionMask = 2147483647;
			files = (
			);
			runOnlyForDeploymentPostprocessing = 0;
		};
		663B9D3A2DB7DE0B00AC11DA /* Resources */ = {
			isa = PBXResourcesBuildPhase;
			buildActionMask = 2147483647;
			files = (
			);
			runOnlyForDeploymentPostprocessing = 0;
		};
		663B9D442DB7DE0B00AC11DA /* Resources */ = {
			isa = PBXResourcesBuildPhase;
			buildActionMask = 2147483647;
			files = (
			);
			runOnlyForDeploymentPostprocessing = 0;
		};
/* End PBXResourcesBuildPhase section */

/* Begin PBXSourcesBuildPhase section */
		663B9D2A2DB7DE0A00AC11DA /* Sources */ = {
			isa = PBXSourcesBuildPhase;
			buildActionMask = 2147483647;
			files = (
			);
			runOnlyForDeploymentPostprocessing = 0;
		};
		663B9D382DB7DE0B00AC11DA /* Sources */ = {
			isa = PBXSourcesBuildPhase;
			buildActionMask = 2147483647;
			files = (
			);
			runOnlyForDeploymentPostprocessing = 0;
		};
		663B9D422DB7DE0B00AC11DA /* Sources */ = {
			isa = PBXSourcesBuildPhase;
			buildActionMask = 2147483647;
			files = (
			);
			runOnlyForDeploymentPostprocessing = 0;
		};
/* End PBXSourcesBuildPhase section */

/* Begin PBXTargetDependency section */
		663B9D3E2DB7DE0B00AC11DA /* PBXTargetDependency */ = {
			isa = PBXTargetDependency;
			target = 663B9D2D2DB7DE0A00AC11DA /* Wool */;
			targetProxy = 663B9D3D2DB7DE0B00AC11DA /* PBXContainerItemProxy */;
		};
		663B9D482DB7DE0B00AC11DA /* PBXTargetDependency */ = {
			isa = PBXTargetDependency;
			target = 663B9D2D2DB7DE0A00AC11DA /* Wool */;
			targetProxy = 663B9D472DB7DE0B00AC11DA /* PBXContainerItemProxy */;
		};
/* End PBXTargetDependency section */

/* Begin XCBuildConfiguration section */
		663B9D4E2DB7DE0B00AC11DA /* Debug */ = {
			isa = XCBuildConfiguration;
			buildSettings = {
				ALWAYS_SEARCH_USER_PATHS = NO;
				ASSETCATALOG_COMPILER_GENERATE_SWIFT_ASSET_SYMBOL_EXTENSIONS = YES;
				CLANG_ANALYZER_NONNULL = YES;
				CLANG_ANALYZER_NUMBER_OBJECT_CONVERSION = YES_AGGRESSIVE;
				CLANG_CXX_LANGUAGE_STANDARD = "gnu++20";
				CLANG_ENABLE_MODULES = YES;
				CLANG_ENABLE_OBJC_ARC = YES;
				CLANG_ENABLE_OBJC_WEAK = YES;
				CLANG_WARN_BLOCK_CAPTURE_AUTORELEASING = YES;
				CLANG_WARN_BOOL_CONVERSION = YES;
				CLANG_WARN_COMMA = YES;
				CLANG_WARN_CONSTANT_CONVERSION = YES;
				CLANG_WARN_DEPRECATED_OBJC_IMPLEMENTATIONS = YES;
				CLANG_WARN_DIRECT_OBJC_ISA_USAGE = YES_ERROR;
				CLANG_WARN_DOCUMENTATION_COMMENTS = YES;
				CLANG_WARN_EMPTY_BODY = YES;
				CLANG_WARN_ENUM_CONVERSION = YES;
				CLANG_WARN_INFINITE_RECURSION = YES;
				CLANG_WARN_INT_CONVERSION = YES;
				CLANG_WARN_NON_LITERAL_NULL_CONVERSION = YES;
				CLANG_WARN_OBJC_IMPLICIT_RETAIN_SELF = YES;
				CLANG_WARN_OBJC_LITERAL_CONVERSION = YES;
				CLANG_WARN_OBJC_ROOT_CLASS = YES_ERROR;
				CLANG_WARN_QUOTED_INCLUDE_IN_FRAMEWORK_HEADER = YES;
				CLANG_WARN_RANGE_LOOP_ANALYSIS = YES;
				CLANG_WARN_STRICT_PROTOTYPES = YES;
				CLANG_WARN_SUSPICIOUS_MOVE = YES;
				CLANG_WARN_UNGUARDED_AVAILABILITY = YES_AGGRESSIVE;
				CLANG_WARN_UNREACHABLE_CODE = YES;
				CLANG_WARN__DUPLICATE_METHOD_MATCH = YES;
				COPY_PHASE_STRIP = NO;
				DEBUG_INFORMATION_FORMAT = dwarf;
				ENABLE_STRICT_OBJC_MSGSEND = YES;
				ENABLE_TESTABILITY = YES;
				ENABLE_USER_SCRIPT_SANDBOXING = YES;
				GCC_C_LANGUAGE_STANDARD = gnu17;
				GCC_DYNAMIC_NO_PIC = NO;
				GCC_NO_COMMON_BLOCKS = YES;
				GCC_OPTIMIZATION_LEVEL = 0;
				GCC_PREPROCESSOR_DEFINITIONS = (
					"DEBUG=1",
					"$(inherited)",
				);
				GCC_WARN_64_TO_32_BIT_CONVERSION = YES;
				GCC_WARN_ABOUT_RETURN_TYPE = YES_ERROR;
				GCC_WARN_UNDECLARED_SELECTOR = YES;
				GCC_WARN_UNINITIALIZED_AUTOS = YES_AGGRESSIVE;
				GCC_WARN_UNUSED_FUNCTION = YES;
				GCC_WARN_UNUSED_VARIABLE = YES;
				LOCALIZATION_PREFERS_STRING_CATALOGS = YES;
				MACOSX_DEPLOYMENT_TARGET = 15.4;
				MTL_ENABLE_DEBUG_INFO = INCLUDE_SOURCE;
				MTL_FAST_MATH = YES;
				ONLY_ACTIVE_ARCH = YES;
				SDKROOT = macosx;
				SWIFT_ACTIVE_COMPILATION_CONDITIONS = "DEBUG $(inherited)";
				SWIFT_OPTIMIZATION_LEVEL = "-Onone";
			};
			name = Debug;
		};
		663B9D4F2DB7DE0B00AC11DA /* Release */ = {
			isa = XCBuildConfiguration;
			buildSettings = {
				ALWAYS_SEARCH_USER_PATHS = NO;
				ASSETCATALOG_COMPILER_GENERATE_SWIFT_ASSET_SYMBOL_EXTENSIONS = YES;
				CLANG_ANALYZER_NONNULL = YES;
				CLANG_ANALYZER_NUMBER_OBJECT_CONVERSION = YES_AGGRESSIVE;
				CLANG_CXX_LANGUAGE_STANDARD = "gnu++20";
				CLANG_ENABLE_MODULES = YES;
				CLANG_ENABLE_OBJC_ARC = YES;
				CLANG_ENABLE_OBJC_WEAK = YES;
				CLANG_WARN_BLOCK_CAPTURE_AUTORELEASING = YES;
				CLANG_WARN_BOOL_CONVERSION = YES;
				CLANG_WARN_COMMA = YES;
				CLANG_WARN_CONSTANT_CONVERSION = YES;
				CLANG_WARN_DEPRECATED_OBJC_IMPLEMENTATIONS = YES;
				CLANG_WARN_DIRECT_OBJC_ISA_USAGE = YES_ERROR;
				CLANG_WARN_DOCUMENTATION_COMMENTS = YES;
				CLANG_WARN_EMPTY_BODY = YES;
				CLANG_WARN_ENUM_CONVERSION = YES;
				CLANG_WARN_INFINITE_RECURSION = YES;
				CLANG_WARN_INT_CONVERSION = YES;
				CLANG_WARN_NON_LITERAL_NULL_CONVERSION = YES;
				CLANG_WARN_OBJC_IMPLICIT_RETAIN_SELF = YES;
				CLANG_WARN_OBJC_LITERAL_CONVERSION = YES;
				CLANG_WARN_OBJC_ROOT_CLASS = YES_ERROR;
				CLANG_WARN_QUOTED_INCLUDE_IN_FRAMEWORK_HEADER = YES;
				CLANG_WARN_RANGE_LOOP_ANALYSIS = YES;
				CLANG_WARN_STRICT_PROTOTYPES = YES;
				CLANG_WARN_SUSPICIOUS_MOVE = YES;
				CLANG_WARN_UNGUARDED_AVAILABILITY = YES_AGGRESSIVE;
				CLANG_WARN_UNREACHABLE_CODE = YES;
				CLANG_WARN__DUPLICATE_METHOD_MATCH = YES;
				COPY_PHASE_STRIP = NO;
				DEBUG_INFORMATION_FORMAT = "dwarf-with-dsym";
				ENABLE_NS_ASSERTIONS = NO;
				ENABLE_STRICT_OBJC_MSGSEND = YES;
				ENABLE_USER_SCRIPT_SANDBOXING = YES;
				GCC_C_LANGUAGE_STANDARD = gnu17;
				GCC_NO_COMMON_BLOCKS = YES;
				GCC_WARN_64_TO_32_BIT_CONVERSION = YES;
				GCC_WARN_ABOUT_RETURN_TYPE = YES_ERROR;
				GCC_WARN_UNDECLARED_SELECTOR = YES;
				GCC_WARN_UNINITIALIZED_AUTOS = YES_AGGRESSIVE;
				GCC_WARN_UNUSED_FUNCTION = YES;
				GCC_WARN_UNUSED_VARIABLE = YES;
				LOCALIZATION_PREFERS_STRING_CATALOGS = YES;
				MACOSX_DEPLOYMENT_TARGET = 15.4;
				MTL_ENABLE_DEBUG_INFO = NO;
				MTL_FAST_MATH = YES;
				SDKROOT = macosx;
				SWIFT_COMPILATION_MODE = wholemodule;
			};
			name = Release;
		};
		663B9D512DB7DE0B00AC11DA /* Debug */ = {
			isa = XCBuildConfiguration;
			buildSettings = {
				ASSETCATALOG_COMPILER_APPICON_NAME = AppIcon;
				ASSETCATALOG_COMPILER_GLOBAL_ACCENT_COLOR_NAME = AccentColor;
				ASSETCATALOG_COMPILER_INCLUDE_ALL_APPICON_ASSETS = YES;
				CODE_SIGN_ENTITLEMENTS = Wool/Wool.entitlements;
				"CODE_SIGN_IDENTITY[sdk=macosx*]" = "Apple Development";
				CODE_SIGN_STYLE = Automatic;
				COMBINE_HIDPI_IMAGES = YES;
				CURRENT_PROJECT_VERSION = 1;
				DEVELOPMENT_TEAM = AEYF632Y3N;
				ENABLE_PREVIEWS = YES;
				GENERATE_INFOPLIST_FILE = YES;
				INFOPLIST_FILE = Wool/Info.plist;
				INFOPLIST_KEY_CFBundleDisplayName = Wool;
				INFOPLIST_KEY_LSApplicationCategoryType = "public.app-category.utilities";
				INFOPLIST_KEY_LSBackgroundOnly = NO;
				INFOPLIST_KEY_NSAppleEventsUsageDescription = "This app needs access to keyboard events to handle media keys";
				INFOPLIST_KEY_NSHumanReadableCopyright = "";
				LD_RUNPATH_SEARCH_PATHS = (
					"$(inherited)",
					"@executable_path/../Frameworks",
				);
				MARKETING_VERSION = 1.0;
				PRODUCT_BUNDLE_IDENTIFIER = com.2dubs.wool;
				PRODUCT_NAME = "$(TARGET_NAME)";
				REGISTER_APP_GROUPS = YES;
				SWIFT_EMIT_LOC_STRINGS = YES;
				SWIFT_VERSION = 5.0;
			};
			name = Debug;
		};
		663B9D522DB7DE0B00AC11DA /* Release */ = {
			isa = XCBuildConfiguration;
			buildSettings = {
				ASSETCATALOG_COMPILER_APPICON_NAME = AppIcon;
				ASSETCATALOG_COMPILER_GLOBAL_ACCENT_COLOR_NAME = AccentColor;
				ASSETCATALOG_COMPILER_INCLUDE_ALL_APPICON_ASSETS = YES;
				CODE_SIGN_ENTITLEMENTS = Wool/WoolRelease.entitlements;
				"CODE_SIGN_IDENTITY[sdk=macosx*]" = "Apple Development";
				CODE_SIGN_STYLE = Automatic;
				COMBINE_HIDPI_IMAGES = YES;
				CURRENT_PROJECT_VERSION = 1;
				DEVELOPMENT_TEAM = AEYF632Y3N;
				ENABLE_HARDENED_RUNTIME = YES;
				ENABLE_PREVIEWS = YES;
				GENERATE_INFOPLIST_FILE = YES;
				INFOPLIST_FILE = Wool/Info.plist;
				INFOPLIST_KEY_CFBundleDisplayName = Wool;
				INFOPLIST_KEY_LSApplicationCategoryType = "public.app-category.utilities";
				INFOPLIST_KEY_LSBackgroundOnly = NO;
				INFOPLIST_KEY_NSAppleEventsUsageDescription = "This app needs access to keyboard events to handle media keys";
				INFOPLIST_KEY_NSHumanReadableCopyright = "";
				LD_RUNPATH_SEARCH_PATHS = (
					"$(inherited)",
					"@executable_path/../Frameworks",
				);
				MARKETING_VERSION = 1.0;
				PRODUCT_BUNDLE_IDENTIFIER = com.2dubs.wool;
				PRODUCT_NAME = "$(TARGET_NAME)";
				REGISTER_APP_GROUPS = YES;
				SWIFT_EMIT_LOC_STRINGS = YES;
				SWIFT_VERSION = 5.0;
			};
			name = Release;
		};
		663B9D542DB7DE0B00AC11DA /* Debug */ = {
			isa = XCBuildConfiguration;
			buildSettings = {
				BUNDLE_LOADER = "$(TEST_HOST)";
				CODE_SIGN_STYLE = Automatic;
				CURRENT_PROJECT_VERSION = 1;
				GENERATE_INFOPLIST_FILE = YES;
				MACOSX_DEPLOYMENT_TARGET = 15.4;
				MARKETING_VERSION = 1.0;
				PRODUCT_BUNDLE_IDENTIFIER = com.2dubs.woolTests;
				PRODUCT_NAME = "$(TARGET_NAME)";
				SWIFT_EMIT_LOC_STRINGS = NO;
				SWIFT_VERSION = 5.0;
				TEST_HOST = "$(BUILT_PRODUCTS_DIR)/Wool.app/$(BUNDLE_EXECUTABLE_FOLDER_PATH)/Wool";
			};
			name = Debug;
		};
		663B9D552DB7DE0B00AC11DA /* Release */ = {
			isa = XCBuildConfiguration;
			buildSettings = {
				BUNDLE_LOADER = "$(TEST_HOST)";
				CODE_SIGN_STYLE = Automatic;
				CURRENT_PROJECT_VERSION = 1;
				GENERATE_INFOPLIST_FILE = YES;
				MACOSX_DEPLOYMENT_TARGET = 15.4;
				MARKETING_VERSION = 1.0;
				PRODUCT_BUNDLE_IDENTIFIER = com.2dubs.woolTests;
				PRODUCT_NAME = "$(TARGET_NAME)";
				SWIFT_EMIT_LOC_STRINGS = NO;
				SWIFT_VERSION = 5.0;
				TEST_HOST = "$(BUILT_PRODUCTS_DIR)/Wool.app/$(BUNDLE_EXECUTABLE_FOLDER_PATH)/Wool";
			};
			name = Release;
		};
		663B9D572DB7DE0B00AC11DA /* Debug */ = {
			isa = XCBuildConfiguration;
			buildSettings = {
				CODE_SIGN_STYLE = Automatic;
				CURRENT_PROJECT_VERSION = 1;
				DEVELOPMENT_TEAM = AEYF632Y3N;
				GENERATE_INFOPLIST_FILE = YES;
				MARKETING_VERSION = 1.0;
				PRODUCT_BUNDLE_IDENTIFIER = com.2dubs.woolUITests;
				PRODUCT_NAME = "$(TARGET_NAME)";
				SWIFT_EMIT_LOC_STRINGS = NO;
				SWIFT_VERSION = 5.0;
				TEST_TARGET_NAME = Wool;
			};
			name = Debug;
		};
		663B9D582DB7DE0B00AC11DA /* Release */ = {
			isa = XCBuildConfiguration;
			buildSettings = {
				CODE_SIGN_STYLE = Automatic;
				CURRENT_PROJECT_VERSION = 1;
				DEVELOPMENT_TEAM = AEYF632Y3N;
				GENERATE_INFOPLIST_FILE = YES;
				MARKETING_VERSION = 1.0;
				PRODUCT_BUNDLE_IDENTIFIER = com.2dubs.woolUITests;
				PRODUCT_NAME = "$(TARGET_NAME)";
				SWIFT_EMIT_LOC_STRINGS = NO;
				SWIFT_VERSION = 5.0;
				TEST_TARGET_NAME = Wool;
			};
			name = Release;
		};
/* End XCBuildConfiguration section */

/* Begin XCConfigurationList section */
		663B9D292DB7DE0A00AC11DA /* Build configuration list for PBXProject "Wool" */ = {
			isa = XCConfigurationList;
			buildConfigurations = (
				663B9D4E2DB7DE0B00AC11DA /* Debug */,
				663B9D4F2DB7DE0B00AC11DA /* Release */,
			);
			defaultConfigurationIsVisible = 0;
			defaultConfigurationName = Release;
		};
		663B9D502DB7DE0B00AC11DA /* Build configuration list for PBXNativeTarget "Wool" */ = {
			isa = XCConfigurationList;
			buildConfigurations = (
				663B9D512DB7DE0B00AC11DA /* Debug */,
				663B9D522DB7DE0B00AC11DA /* Release */,
			);
			defaultConfigurationIsVisible = 0;
			defaultConfigurationName = Release;
		};
		663B9D532DB7DE0B00AC11DA /* Build configuration list for PBXNativeTarget "WoolTests" */ = {
			isa = XCConfigurationList;
			buildConfigurations = (
				663B9D542DB7DE0B00AC11DA /* Debug */,
				663B9D552DB7DE0B00AC11DA /* Release */,
			);
			defaultConfigurationIsVisible = 0;
			defaultConfigurationName = Release;
		};
		663B9D562DB7DE0B00AC11DA /* Build configuration list for PBXNativeTarget "WoolUITests" */ = {
			isa = XCConfigurationList;
			buildConfigurations = (
				663B9D572DB7DE0B00AC11DA /* Debug */,
				663B9D582DB7DE0B00AC11DA /* Release */,
			);
			defaultConfigurationIsVisible = 0;
			defaultConfigurationName = Release;
		};
/* End XCConfigurationList section */
	};
	rootObject = 663B9D262DB7DE0A00AC11DA /* Project object */;
}
